// !$*UTF8*$!
{
	archiveVersion = 1;
	classes = {
	};
	objectVersion = 50;
	objects = {

/* Begin PBXBuildFile section */
		9F0C7E19225A6EAA00EE0449 /* GraphSelectionOverlayView.swift in Sources */ = {isa = PBXBuildFile; fileRef = 9F0C7E18225A6EAA00EE0449 /* GraphSelectionOverlayView.swift */; };
		9F112323224782E900005776 /* ThumbnailImage.swift in Sources */ = {isa = PBXBuildFile; fileRef = 9F112322224782E900005776 /* ThumbnailImage.swift */; };
		9F20A4CB2244B9D400BE0210 /* LaunchScreen.storyboard in Resources */ = {isa = PBXBuildFile; fileRef = 9F20A4CA2244B9D400BE0210 /* LaunchScreen.storyboard */; };
		9F264225224004D300FEB2DD /* AppDelegate.swift in Sources */ = {isa = PBXBuildFile; fileRef = 9F264224224004D300FEB2DD /* AppDelegate.swift */; };
		9F264227224004D400FEB2DD /* ViewController.swift in Sources */ = {isa = PBXBuildFile; fileRef = 9F264226224004D400FEB2DD /* ViewController.swift */; };
		9F26422C224004D500FEB2DD /* Assets.xcassets in Resources */ = {isa = PBXBuildFile; fileRef = 9F26422B224004D500FEB2DD /* Assets.xcassets */; };
		9F2642382240052D00FEB2DD /* GraphTableViewCell.swift in Sources */ = {isa = PBXBuildFile; fileRef = 9F2642372240052D00FEB2DD /* GraphTableViewCell.swift */; };
		9F26423B2240054700FEB2DD /* GraphView.swift in Sources */ = {isa = PBXBuildFile; fileRef = 9F26423A2240054700FEB2DD /* GraphView.swift */; };
		9F26423D2240055500FEB2DD /* GraphControlView.swift in Sources */ = {isa = PBXBuildFile; fileRef = 9F26423C2240055500FEB2DD /* GraphControlView.swift */; };
		9F26423F2240056400FEB2DD /* GraphContentView.swift in Sources */ = {isa = PBXBuildFile; fileRef = 9F26423E2240056400FEB2DD /* GraphContentView.swift */; };
		9F2642412240057600FEB2DD /* ThumbnailControl.swift in Sources */ = {isa = PBXBuildFile; fileRef = 9F2642402240057600FEB2DD /* ThumbnailControl.swift */; };
		9F2642432240058600FEB2DD /* ViewsOverlayView.swift in Sources */ = {isa = PBXBuildFile; fileRef = 9F2642422240058600FEB2DD /* ViewsOverlayView.swift */; };
		9F2642452240059F00FEB2DD /* YAxisOverlayView.swift in Sources */ = {isa = PBXBuildFile; fileRef = 9F2642442240059F00FEB2DD /* YAxisOverlayView.swift */; };
		9F264247224005AE00FEB2DD /* GraphDrawLayerView.swift in Sources */ = {isa = PBXBuildFile; fileRef = 9F264246224005AE00FEB2DD /* GraphDrawLayerView.swift */; };
		9F264249224005BF00FEB2DD /* AnimationCounter.swift in Sources */ = {isa = PBXBuildFile; fileRef = 9F264248224005BF00FEB2DD /* AnimationCounter.swift */; };
		9F26424B224005CC00FEB2DD /* chart_data.json in Resources */ = {isa = PBXBuildFile; fileRef = 9F26424A224005CC00FEB2DD /* chart_data.json */; };
		9F26424D22400E3800FEB2DD /* DateSelectionView.swift in Sources */ = {isa = PBXBuildFile; fileRef = 9F26424C22400E3800FEB2DD /* DateSelectionView.swift */; };
		9F26424F2240E30300FEB2DD /* Theme.swift in Sources */ = {isa = PBXBuildFile; fileRef = 9F26424E2240E30300FEB2DD /* Theme.swift */; };
		9F2642512240ECB000FEB2DD /* ButtonTableViewCell.swift in Sources */ = {isa = PBXBuildFile; fileRef = 9F2642502240ECB000FEB2DD /* ButtonTableViewCell.swift */; };
		9F971557225FB88800DE497E /* PieChartView.swift in Sources */ = {isa = PBXBuildFile; fileRef = 9F971556225FB88800DE497E /* PieChartView.swift */; };
		9FA0DC642260CB5A0081E91F /* Utils.swift in Sources */ = {isa = PBXBuildFile; fileRef = 9FA0DC632260CB5A0081E91F /* Utils.swift */; };
		9FAAA9A52242132300726226 /* ThresholdOptimization.swift in Sources */ = {isa = PBXBuildFile; fileRef = 9FAAA9A42242132300726226 /* ThresholdOptimization.swift */; };
		9FB94A1E2259ED28004476AF /* GraphStateTransformView.swift in Sources */ = {isa = PBXBuildFile; fileRef = 9FB94A1D2259ED28004476AF /* GraphStateTransformView.swift */; };
		9FB94A212259FD56004476AF /* FiltersTableViewCell.swift in Sources */ = {isa = PBXBuildFile; fileRef = 9FB94A202259FD56004476AF /* FiltersTableViewCell.swift */; };
		9FB94A242259FD6C004476AF /* GraphDataSource.swift in Sources */ = {isa = PBXBuildFile; fileRef = 9FB94A232259FD6C004476AF /* GraphDataSource.swift */; };
		9FB94A26225A42BF004476AF /* Graph.swift in Sources */ = {isa = PBXBuildFile; fileRef = 9FB94A25225A42BF004476AF /* Graph.swift */; };
		9FDAD345225B967D00DB6E56 /* data in Resources */ = {isa = PBXBuildFile; fileRef = 9FDAD344225B967D00DB6E56 /* data */; };
/* End PBXBuildFile section */

/* Begin PBXFileReference section */
		9F0C7E18225A6EAA00EE0449 /* GraphSelectionOverlayView.swift */ = {isa = PBXFileReference; lastKnownFileType = sourcecode.swift; path = GraphSelectionOverlayView.swift; sourceTree = "<group>"; };
		9F112322224782E900005776 /* ThumbnailImage.swift */ = {isa = PBXFileReference; lastKnownFileType = sourcecode.swift; path = ThumbnailImage.swift; sourceTree = "<group>"; };
		9F20A4CA2244B9D400BE0210 /* LaunchScreen.storyboard */ = {isa = PBXFileReference; fileEncoding = 4; lastKnownFileType = file.storyboard; path = LaunchScreen.storyboard; sourceTree = "<group>"; };
		9F264221224004D300FEB2DD /* TelegramContest.app */ = {isa = PBXFileReference; explicitFileType = wrapper.application; includeInIndex = 0; path = TelegramContest.app; sourceTree = BUILT_PRODUCTS_DIR; };
		9F264224224004D300FEB2DD /* AppDelegate.swift */ = {isa = PBXFileReference; lastKnownFileType = sourcecode.swift; path = AppDelegate.swift; sourceTree = "<group>"; };
		9F264226224004D400FEB2DD /* ViewController.swift */ = {isa = PBXFileReference; lastKnownFileType = sourcecode.swift; path = ViewController.swift; sourceTree = "<group>"; };
		9F26422B224004D500FEB2DD /* Assets.xcassets */ = {isa = PBXFileReference; lastKnownFileType = folder.assetcatalog; path = Assets.xcassets; sourceTree = "<group>"; };
		9F264230224004D500FEB2DD /* Info.plist */ = {isa = PBXFileReference; lastKnownFileType = text.plist.xml; path = Info.plist; sourceTree = "<group>"; };
		9F2642372240052D00FEB2DD /* GraphTableViewCell.swift */ = {isa = PBXFileReference; lastKnownFileType = sourcecode.swift; path = GraphTableViewCell.swift; sourceTree = "<group>"; };
		9F26423A2240054700FEB2DD /* GraphView.swift */ = {isa = PBXFileReference; lastKnownFileType = sourcecode.swift; path = GraphView.swift; sourceTree = "<group>"; };
		9F26423C2240055500FEB2DD /* GraphControlView.swift */ = {isa = PBXFileReference; lastKnownFileType = sourcecode.swift; path = GraphControlView.swift; sourceTree = "<group>"; };
		9F26423E2240056400FEB2DD /* GraphContentView.swift */ = {isa = PBXFileReference; lastKnownFileType = sourcecode.swift; path = GraphContentView.swift; sourceTree = "<group>"; };
		9F2642402240057600FEB2DD /* ThumbnailControl.swift */ = {isa = PBXFileReference; lastKnownFileType = sourcecode.swift; path = ThumbnailControl.swift; sourceTree = "<group>"; };
		9F2642422240058600FEB2DD /* ViewsOverlayView.swift */ = {isa = PBXFileReference; lastKnownFileType = sourcecode.swift; path = ViewsOverlayView.swift; sourceTree = "<group>"; };
		9F2642442240059F00FEB2DD /* YAxisOverlayView.swift */ = {isa = PBXFileReference; lastKnownFileType = sourcecode.swift; path = YAxisOverlayView.swift; sourceTree = "<group>"; };
		9F264246224005AE00FEB2DD /* GraphDrawLayerView.swift */ = {isa = PBXFileReference; lastKnownFileType = sourcecode.swift; path = GraphDrawLayerView.swift; sourceTree = "<group>"; };
		9F264248224005BF00FEB2DD /* AnimationCounter.swift */ = {isa = PBXFileReference; lastKnownFileType = sourcecode.swift; path = AnimationCounter.swift; sourceTree = "<group>"; };
		9F26424A224005CC00FEB2DD /* chart_data.json */ = {isa = PBXFileReference; fileEncoding = 4; lastKnownFileType = text.json; path = chart_data.json; sourceTree = "<group>"; };
		9F26424C22400E3800FEB2DD /* DateSelectionView.swift */ = {isa = PBXFileReference; lastKnownFileType = sourcecode.swift; path = DateSelectionView.swift; sourceTree = "<group>"; };
		9F26424E2240E30300FEB2DD /* Theme.swift */ = {isa = PBXFileReference; lastKnownFileType = sourcecode.swift; path = Theme.swift; sourceTree = "<group>"; };
		9F2642502240ECB000FEB2DD /* ButtonTableViewCell.swift */ = {isa = PBXFileReference; lastKnownFileType = sourcecode.swift; path = ButtonTableViewCell.swift; sourceTree = "<group>"; };
		9F971556225FB88800DE497E /* PieChartView.swift */ = {isa = PBXFileReference; lastKnownFileType = sourcecode.swift; path = PieChartView.swift; sourceTree = "<group>"; };
		9FA0DC632260CB5A0081E91F /* Utils.swift */ = {isa = PBXFileReference; lastKnownFileType = sourcecode.swift; path = Utils.swift; sourceTree = "<group>"; };
		9FAAA9A42242132300726226 /* ThresholdOptimization.swift */ = {isa = PBXFileReference; lastKnownFileType = sourcecode.swift; path = ThresholdOptimization.swift; sourceTree = "<group>"; };
		9FB94A1D2259ED28004476AF /* GraphStateTransformView.swift */ = {isa = PBXFileReference; lastKnownFileType = sourcecode.swift; path = GraphStateTransformView.swift; sourceTree = "<group>"; };
		9FB94A202259FD56004476AF /* FiltersTableViewCell.swift */ = {isa = PBXFileReference; lastKnownFileType = sourcecode.swift; path = FiltersTableViewCell.swift; sourceTree = "<group>"; };
		9FB94A232259FD6C004476AF /* GraphDataSource.swift */ = {isa = PBXFileReference; lastKnownFileType = sourcecode.swift; path = GraphDataSource.swift; sourceTree = "<group>"; };
		9FB94A25225A42BF004476AF /* Graph.swift */ = {isa = PBXFileReference; lastKnownFileType = sourcecode.swift; path = Graph.swift; sourceTree = "<group>"; };
		9FDAD344225B967D00DB6E56 /* data */ = {isa = PBXFileReference; lastKnownFileType = folder; path = data; sourceTree = "<group>"; };
/* End PBXFileReference section */

/* Begin PBXFrameworksBuildPhase section */
		9F26421E224004D300FEB2DD /* Frameworks */ = {
			isa = PBXFrameworksBuildPhase;
			buildActionMask = 2147483647;
			files = (
			);
			runOnlyForDeploymentPostprocessing = 0;
		};
/* End PBXFrameworksBuildPhase section */

/* Begin PBXGroup section */
		9F264218224004D300FEB2DD = {
			isa = PBXGroup;
			children = (
				9F264223224004D300FEB2DD /* TelegramContest */,
				9F264222224004D300FEB2DD /* Products */,
			);
			sourceTree = "<group>";
		};
		9F264222224004D300FEB2DD /* Products */ = {
			isa = PBXGroup;
			children = (
				9F264221224004D300FEB2DD /* TelegramContest.app */,
			);
			name = Products;
			sourceTree = "<group>";
		};
		9F264223224004D300FEB2DD /* TelegramContest */ = {
			isa = PBXGroup;
			children = (
				9F264224224004D300FEB2DD /* AppDelegate.swift */,
				9F26424E2240E30300FEB2DD /* Theme.swift */,
				9FB94A25225A42BF004476AF /* Graph.swift */,
				9FB94A222259FD66004476AF /* DataSoource */,
				9FB94A1F2259ED30004476AF /* V2 */,
				9F2642392240054200FEB2DD /* Graph */,
				9F2642362240052400FEB2DD /* Cell */,
				9F264226224004D400FEB2DD /* ViewController.swift */,
				9F26422B224004D500FEB2DD /* Assets.xcassets */,
				9F20A4CA2244B9D400BE0210 /* LaunchScreen.storyboard */,
				9F264230224004D500FEB2DD /* Info.plist */,
			);
			path = TelegramContest;
			sourceTree = "<group>";
		};
		9F2642362240052400FEB2DD /* Cell */ = {
			isa = PBXGroup;
			children = (
				9F2642372240052D00FEB2DD /* GraphTableViewCell.swift */,
				9F2642502240ECB000FEB2DD /* ButtonTableViewCell.swift */,
				9FB94A202259FD56004476AF /* FiltersTableViewCell.swift */,
			);
			path = Cell;
			sourceTree = "<group>";
		};
		9F2642392240054200FEB2DD /* Graph */ = {
			isa = PBXGroup;
			children = (
				9F26423A2240054700FEB2DD /* GraphView.swift */,
				9F26423C2240055500FEB2DD /* GraphControlView.swift */,
				9F26423E2240056400FEB2DD /* GraphContentView.swift */,
				9F2642402240057600FEB2DD /* ThumbnailControl.swift */,
				9F112322224782E900005776 /* ThumbnailImage.swift */,
				9F2642422240058600FEB2DD /* ViewsOverlayView.swift */,
				9F2642442240059F00FEB2DD /* YAxisOverlayView.swift */,
				9F264246224005AE00FEB2DD /* GraphDrawLayerView.swift */,
				9F971556225FB88800DE497E /* PieChartView.swift */,
				9F0C7E18225A6EAA00EE0449 /* GraphSelectionOverlayView.swift */,
				9F264248224005BF00FEB2DD /* AnimationCounter.swift */,
				9F26424C22400E3800FEB2DD /* DateSelectionView.swift */,
				9FAAA9A42242132300726226 /* ThresholdOptimization.swift */,
				9F26424A224005CC00FEB2DD /* chart_data.json */,
			);
			path = Graph;
			sourceTree = "<group>";
		};
		9FB94A1F2259ED30004476AF /* V2 */ = {
			isa = PBXGroup;
			children = (
				9FB94A1D2259ED28004476AF /* GraphStateTransformView.swift */,
				9FA0DC632260CB5A0081E91F /* Utils.swift */,
			);
			path = V2;
			sourceTree = "<group>";
		};
		9FB94A222259FD66004476AF /* DataSoource */ = {
			isa = PBXGroup;
			children = (
				9FDAD344225B967D00DB6E56 /* data */,
				9FB94A232259FD6C004476AF /* GraphDataSource.swift */,
			);
			path = DataSoource;
			sourceTree = "<group>";
		};
/* End PBXGroup section */

/* Begin PBXNativeTarget section */
		9F264220224004D300FEB2DD /* TelegramContest */ = {
			isa = PBXNativeTarget;
			buildConfigurationList = 9F264233224004D500FEB2DD /* Build configuration list for PBXNativeTarget "TelegramContest" */;
			buildPhases = (
				9F26421D224004D300FEB2DD /* Sources */,
				9F26421E224004D300FEB2DD /* Frameworks */,
				9F26421F224004D300FEB2DD /* Resources */,
			);
			buildRules = (
			);
			dependencies = (
			);
			name = TelegramContest;
			productName = TelegramContest;
			productReference = 9F264221224004D300FEB2DD /* TelegramContest.app */;
			productType = "com.apple.product-type.application";
		};
/* End PBXNativeTarget section */

/* Begin PBXProject section */
		9F264219224004D300FEB2DD /* Project object */ = {
			isa = PBXProject;
			attributes = {
				LastSwiftUpdateCheck = 1010;
				LastUpgradeCheck = 1010;
				ORGANIZATIONNAME = alex;
				TargetAttributes = {
					9F264220224004D300FEB2DD = {
						CreatedOnToolsVersion = 10.1;
						LastSwiftMigration = 1020;
					};
				};
			};
			buildConfigurationList = 9F26421C224004D300FEB2DD /* Build configuration list for PBXProject "TelegramContest" */;
			compatibilityVersion = "Xcode 9.3";
			developmentRegion = en;
			hasScannedForEncodings = 0;
			knownRegions = (
				en,
				Base,
			);
			mainGroup = 9F264218224004D300FEB2DD;
			productRefGroup = 9F264222224004D300FEB2DD /* Products */;
			projectDirPath = "";
			projectRoot = "";
			targets = (
				9F264220224004D300FEB2DD /* TelegramContest */,
			);
		};
/* End PBXProject section */

/* Begin PBXResourcesBuildPhase section */
		9F26421F224004D300FEB2DD /* Resources */ = {
			isa = PBXResourcesBuildPhase;
			buildActionMask = 2147483647;
			files = (
				9FDAD345225B967D00DB6E56 /* data in Resources */,
				9F20A4CB2244B9D400BE0210 /* LaunchScreen.storyboard in Resources */,
				9F26422C224004D500FEB2DD /* Assets.xcassets in Resources */,
				9F26424B224005CC00FEB2DD /* chart_data.json in Resources */,
			);
			runOnlyForDeploymentPostprocessing = 0;
		};
/* End PBXResourcesBuildPhase section */

/* Begin PBXSourcesBuildPhase section */
		9F26421D224004D300FEB2DD /* Sources */ = {
			isa = PBXSourcesBuildPhase;
			buildActionMask = 2147483647;
			files = (
				9F2642382240052D00FEB2DD /* GraphTableViewCell.swift in Sources */,
				9F26424D22400E3800FEB2DD /* DateSelectionView.swift in Sources */,
				9F2642452240059F00FEB2DD /* YAxisOverlayView.swift in Sources */,
				9FB94A242259FD6C004476AF /* GraphDataSource.swift in Sources */,
				9F971557225FB88800DE497E /* PieChartView.swift in Sources */,
				9FB94A26225A42BF004476AF /* Graph.swift in Sources */,
				9F0C7E19225A6EAA00EE0449 /* GraphSelectionOverlayView.swift in Sources */,
				9F26423F2240056400FEB2DD /* GraphContentView.swift in Sources */,
				9F26424F2240E30300FEB2DD /* Theme.swift in Sources */,
				9F2642512240ECB000FEB2DD /* ButtonTableViewCell.swift in Sources */,
				9F112323224782E900005776 /* ThumbnailImage.swift in Sources */,
				9F264247224005AE00FEB2DD /* GraphDrawLayerView.swift in Sources */,
				9F264227224004D400FEB2DD /* ViewController.swift in Sources */,
				9F264249224005BF00FEB2DD /* AnimationCounter.swift in Sources */,
				9F2642412240057600FEB2DD /* ThumbnailControl.swift in Sources */,
				9FA0DC642260CB5A0081E91F /* Utils.swift in Sources */,
				9F2642432240058600FEB2DD /* ViewsOverlayView.swift in Sources */,
				9F264225224004D300FEB2DD /* AppDelegate.swift in Sources */,
				9F26423B2240054700FEB2DD /* GraphView.swift in Sources */,
				9FAAA9A52242132300726226 /* ThresholdOptimization.swift in Sources */,
				9FB94A212259FD56004476AF /* FiltersTableViewCell.swift in Sources */,
				9F26423D2240055500FEB2DD /* GraphControlView.swift in Sources */,
				9FB94A1E2259ED28004476AF /* GraphStateTransformView.swift in Sources */,
			);
			runOnlyForDeploymentPostprocessing = 0;
		};
/* End PBXSourcesBuildPhase section */

/* Begin XCBuildConfiguration section */
		9F264231224004D500FEB2DD /* Debug */ = {
			isa = XCBuildConfiguration;
			buildSettings = {
				ALWAYS_SEARCH_USER_PATHS = NO;
				CLANG_ANALYZER_NONNULL = YES;
				CLANG_ANALYZER_NUMBER_OBJECT_CONVERSION = YES_AGGRESSIVE;
				CLANG_CXX_LANGUAGE_STANDARD = "gnu++14";
				CLANG_CXX_LIBRARY = "libc++";
				CLANG_ENABLE_MODULES = YES;
				CLANG_ENABLE_OBJC_ARC = YES;
				CLANG_ENABLE_OBJC_WEAK = YES;
				CLANG_WARN_BLOCK_CAPTURE_AUTORELEASING = YES;
				CLANG_WARN_BOOL_CONVERSION = YES;
				CLANG_WARN_COMMA = YES;
				CLANG_WARN_CONSTANT_CONVERSION = YES;
				CLANG_WARN_DEPRECATED_OBJC_IMPLEMENTATIONS = YES;
				CLANG_WARN_DIRECT_OBJC_ISA_USAGE = YES_ERROR;
				CLANG_WARN_DOCUMENTATION_COMMENTS = YES;
				CLANG_WARN_EMPTY_BODY = YES;
				CLANG_WARN_ENUM_CONVERSION = YES;
				CLANG_WARN_INFINITE_RECURSION = YES;
				CLANG_WARN_INT_CONVERSION = YES;
				CLANG_WARN_NON_LITERAL_NULL_CONVERSION = YES;
				CLANG_WARN_OBJC_IMPLICIT_RETAIN_SELF = YES;
				CLANG_WARN_OBJC_LITERAL_CONVERSION = YES;
				CLANG_WARN_OBJC_ROOT_CLASS = YES_ERROR;
				CLANG_WARN_RANGE_LOOP_ANALYSIS = YES;
				CLANG_WARN_STRICT_PROTOTYPES = YES;
				CLANG_WARN_SUSPICIOUS_MOVE = YES;
				CLANG_WARN_UNGUARDED_AVAILABILITY = YES_AGGRESSIVE;
				CLANG_WARN_UNREACHABLE_CODE = YES;
				CLANG_WARN__DUPLICATE_METHOD_MATCH = YES;
				CODE_SIGN_IDENTITY = "iPhone Developer";
				COPY_PHASE_STRIP = NO;
				DEBUG_INFORMATION_FORMAT = dwarf;
				ENABLE_STRICT_OBJC_MSGSEND = YES;
				ENABLE_TESTABILITY = YES;
				GCC_C_LANGUAGE_STANDARD = gnu11;
				GCC_DYNAMIC_NO_PIC = NO;
				GCC_NO_COMMON_BLOCKS = YES;
				GCC_OPTIMIZATION_LEVEL = 0;
				GCC_PREPROCESSOR_DEFINITIONS = (
					"DEBUG=1",
					"$(inherited)",
				);
				GCC_WARN_64_TO_32_BIT_CONVERSION = YES;
				GCC_WARN_ABOUT_RETURN_TYPE = YES_ERROR;
				GCC_WARN_UNDECLARED_SELECTOR = YES;
				GCC_WARN_UNINITIALIZED_AUTOS = YES_AGGRESSIVE;
				GCC_WARN_UNUSED_FUNCTION = YES;
				GCC_WARN_UNUSED_VARIABLE = YES;
				IPHONEOS_DEPLOYMENT_TARGET = 12.1;
				MTL_ENABLE_DEBUG_INFO = INCLUDE_SOURCE;
				MTL_FAST_MATH = YES;
				ONLY_ACTIVE_ARCH = YES;
				SDKROOT = iphoneos;
				SWIFT_ACTIVE_COMPILATION_CONDITIONS = DEBUG;
				SWIFT_OPTIMIZATION_LEVEL = "-Onone";
			};
			name = Debug;
		};
		9F264232224004D500FEB2DD /* Release */ = {
			isa = XCBuildConfiguration;
			buildSettings = {
				ALWAYS_SEARCH_USER_PATHS = NO;
				CLANG_ANALYZER_NONNULL = YES;
				CLANG_ANALYZER_NUMBER_OBJECT_CONVERSION = YES_AGGRESSIVE;
				CLANG_CXX_LANGUAGE_STANDARD = "gnu++14";
				CLANG_CXX_LIBRARY = "libc++";
				CLANG_ENABLE_MODULES = YES;
				CLANG_ENABLE_OBJC_ARC = YES;
				CLANG_ENABLE_OBJC_WEAK = YES;
				CLANG_WARN_BLOCK_CAPTURE_AUTORELEASING = YES;
				CLANG_WARN_BOOL_CONVERSION = YES;
				CLANG_WARN_COMMA = YES;
				CLANG_WARN_CONSTANT_CONVERSION = YES;
				CLANG_WARN_DEPRECATED_OBJC_IMPLEMENTATIONS = YES;
				CLANG_WARN_DIRECT_OBJC_ISA_USAGE = YES_ERROR;
				CLANG_WARN_DOCUMENTATION_COMMENTS = YES;
				CLANG_WARN_EMPTY_BODY = YES;
				CLANG_WARN_ENUM_CONVERSION = YES;
				CLANG_WARN_INFINITE_RECURSION = YES;
				CLANG_WARN_INT_CONVERSION = YES;
				CLANG_WARN_NON_LITERAL_NULL_CONVERSION = YES;
				CLANG_WARN_OBJC_IMPLICIT_RETAIN_SELF = YES;
				CLANG_WARN_OBJC_LITERAL_CONVERSION = YES;
				CLANG_WARN_OBJC_ROOT_CLASS = YES_ERROR;
				CLANG_WARN_RANGE_LOOP_ANALYSIS = YES;
				CLANG_WARN_STRICT_PROTOTYPES = YES;
				CLANG_WARN_SUSPICIOUS_MOVE = YES;
				CLANG_WARN_UNGUARDED_AVAILABILITY = YES_AGGRESSIVE;
				CLANG_WARN_UNREACHABLE_CODE = YES;
				CLANG_WARN__DUPLICATE_METHOD_MATCH = YES;
				CODE_SIGN_IDENTITY = "iPhone Developer";
				COPY_PHASE_STRIP = NO;
				DEBUG_INFORMATION_FORMAT = "dwarf-with-dsym";
				ENABLE_NS_ASSERTIONS = NO;
				ENABLE_STRICT_OBJC_MSGSEND = YES;
				GCC_C_LANGUAGE_STANDARD = gnu11;
				GCC_NO_COMMON_BLOCKS = YES;
				GCC_WARN_64_TO_32_BIT_CONVERSION = YES;
				GCC_WARN_ABOUT_RETURN_TYPE = YES_ERROR;
				GCC_WARN_UNDECLARED_SELECTOR = YES;
				GCC_WARN_UNINITIALIZED_AUTOS = YES_AGGRESSIVE;
				GCC_WARN_UNUSED_FUNCTION = YES;
				GCC_WARN_UNUSED_VARIABLE = YES;
				IPHONEOS_DEPLOYMENT_TARGET = 12.1;
				MTL_ENABLE_DEBUG_INFO = NO;
				MTL_FAST_MATH = YES;
				SDKROOT = iphoneos;
				SWIFT_COMPILATION_MODE = wholemodule;
				SWIFT_OPTIMIZATION_LEVEL = "-O";
				VALIDATE_PRODUCT = YES;
			};
			name = Release;
		};
		9F264234224004D500FEB2DD /* Debug */ = {
			isa = XCBuildConfiguration;
			buildSettings = {
				ASSETCATALOG_COMPILER_APPICON_NAME = AppIcon;
				CODE_SIGN_STYLE = Automatic;
				DEVELOPMENT_TEAM = 5MGEMLZRS4;
				INFOPLIST_FILE = TelegramContest/Info.plist;
				IPHONEOS_DEPLOYMENT_TARGET = 9.0;
				LD_RUNPATH_SEARCH_PATHS = (
					"$(inherited)",
					"@executable_path/Frameworks",
				);
				PRODUCT_BUNDLE_IDENTIFIER = "com.alex.telegram-context.TelegramContest";
				PRODUCT_NAME = "$(TARGET_NAME)";
				SWIFT_OPTIMIZATION_LEVEL = "-Onone";
				SWIFT_VERSION = 5.0;
				TARGETED_DEVICE_FAMILY = 1;
			};
			name = Debug;
		};
		9F264235224004D500FEB2DD /* Release */ = {
			isa = XCBuildConfiguration;
			buildSettings = {
				ASSETCATALOG_COMPILER_APPICON_NAME = AppIcon;
				CODE_SIGN_STYLE = Automatic;
				DEVELOPMENT_TEAM = 5MGEMLZRS4;
				INFOPLIST_FILE = TelegramContest/Info.plist;
				IPHONEOS_DEPLOYMENT_TARGET = 9.0;
				LD_RUNPATH_SEARCH_PATHS = (
					"$(inherited)",
					"@executable_path/Frameworks",
				);
				PRODUCT_BUNDLE_IDENTIFIER = "com.alex.telegram-context.TelegramContest";
				PRODUCT_NAME = "$(TARGET_NAME)";
				SWIFT_OPTIMIZATION_LEVEL = "-O";
				SWIFT_VERSION = 5.0;
				TARGETED_DEVICE_FAMILY = 1;
			};
			name = Release;
		};
/* End XCBuildConfiguration section */

/* Begin XCConfigurationList section */
		9F26421C224004D300FEB2DD /* Build configuration list for PBXProject "TelegramContest" */ = {
			isa = XCConfigurationList;
			buildConfigurations = (
				9F264231224004D500FEB2DD /* Debug */,
				9F264232224004D500FEB2DD /* Release */,
			);
			defaultConfigurationIsVisible = 0;
			defaultConfigurationName = Release;
		};
		9F264233224004D500FEB2DD /* Build configuration list for PBXNativeTarget "TelegramContest" */ = {
			isa = XCConfigurationList;
			buildConfigurations = (
				9F264234224004D500FEB2DD /* Debug */,
				9F264235224004D500FEB2DD /* Release */,
			);
			defaultConfigurationIsVisible = 0;
			defaultConfigurationName = Release;
		};
/* End XCConfigurationList section */
	};
	rootObject = 9F264219224004D300FEB2DD /* Project object */;
}
